dependencies:
- name: pgvector
  repository: https://rh-ai-quickstart.github.io/ai-architecture-charts
  version: 0.1.0
- name: llm-service
  repository: https://rh-ai-quickstart.github.io/ai-architecture-charts
  version: 0.1.0
- name: llama-stack
  repository: https://rh-ai-quickstart.github.io/ai-architecture-charts
  version: 0.2.18
digest: sha256:3dd835cc24a60fc799460e2df7e8f412bf1567ba62e88abd299ec69945ce57a0
generated: "2025-09-22T08:32:27.054604-05:00"
