dependencies:
- name: pgvector
  repository: https://rh-ai-quickstart.github.io/ai-architecture-charts
  version: 0.1.0
- name: llm-service
  repository: https://rh-ai-quickstart.github.io/ai-architecture-charts
  version: 0.5.6
- name: llama-stack
  repository: file://charts/llama-stack-0.5.3
  version: 0.5.3
- name: mcp-servers
  repository: https://rh-ai-quickstart.github.io/ai-architecture-charts
  version: 0.5.8
digest: sha256:55738d9413e89fe6d7234be4b2c8f243a215d7601e5b272bc692e3f654905b23
generated: "2025-12-22T17:34:29.7552+01:00"
